{
  "name": "backend",
  "lockfileVersion": 3,
  "requires": true,
  "packages": {
    "": {
      "dependencies": {
        "docker-cli": "^0.0.2"
      }
    },
    "node_modules/docker-cli": {
      "version": "0.0.2",
      "resolved": "https://registry.npmjs.org/docker-cli/-/docker-cli-0.0.2.tgz",
      "integrity": "sha512-ld2n2O6R3mzn+H5sFGFy+yYrV77bNckp6BmyN1seWsl81CnNqX1hRBWcnXz1VPKi8k1YUCN3asHTzadVnHtxFQ==",
      "license": "MIT",
      "bin": {
        "docker-cli": "bin/docker-cli"
      }
    }
  }
}
